{
  "name": "Galleri-Invitations",
  "lockfileVersion": 3,
  "requires": true,
  "packages": {
    "": {
      "dependencies": {
        "lodash": "^4.17.0"
      }
    },
    "node_modules/lodash": {
      "version": "4.17.0",
      "resolved": "https://registry.npmjs.org/lodash/-/lodash-4.17.0.tgz",
      "integrity": "sha512-wXJoUnY8v5rCurNIL6tM0TOv/F6B2NzDzLzStNOQoX/i88s8hPGkYSRPMtcdjORIx1dHUB1lQVhsNyC9yjD/7w=="
    }
  }
}
